
Microsoft Visual Studio Solution File, Format Version 12.00
# Visual Studio 15
VisualStudioVersion = 15.0.27130.2027
MinimumVisualStudioVersion = 10.0.40219.1
Project("{FAE04EC0-301F-11D3-BF4B-00C04F79EFBC}") = "AsyncAwaitBehaviourDemo", "AsyncAwaitBehaviourDemo.csproj", "{FED61ED5-EC7A-43CA-9CE2-9F86B5F41FA3}"
EndProject
Global
	GlobalSection(SolutionConfigurationPlatforms) = preSolution
		Debug|Any CPU = Debug|Any CPU
		Release|Any CPU = Release|Any CPU
	EndGlobalSection
	GlobalSection(ProjectConfigurationPlatforms) = postSolution
		{FED61ED5-EC7A-43CA-9CE2-9F86B5F41FA3}.Debug|Any CPU.ActiveCfg = Debug|Any CPU
		{FED61ED5-EC7A-43CA-9CE2-9F86B5F41FA3}.Debug|Any CPU.Build.0 = Debug|Any CPU
		{FED61ED5-EC7A-43CA-9CE2-9F86B5F41FA3}.Release|Any CPU.ActiveCfg = Release|Any CPU
		{FED61ED5-EC7A-43CA-9CE2-9F86B5F41FA3}.Release|Any CPU.Build.0 = Release|Any CPU
	EndGlobalSection
	GlobalSection(SolutionProperties) = preSolution
		HideSolutionNode = FALSE
	EndGlobalSection
	GlobalSection(ExtensibilityGlobals) = postSolution
		SolutionGuid = {0A2BE7AC-3F7C-461F-9A3D-41D339E6ACA7}
	EndGlobalSection
EndGlobal
